<?xml version="1.0" encoding="utf-8"?>
<Project ToolsVersion="4.0" xmlns="http://schemas.microsoft.com/developer/msbuild/2003">
  <ItemGroup>
    <ClCompile Include="BabaIsYou.cpp" />
    <ClCompile Include="TitleLevel.cpp">
      <Filter>Level</Filter>
    </ClCompile>
    <ClCompile Include="PlayLevel.cpp">
      <Filter>Level</Filter>
    </ClCompile>
    <ClCompile Include="EndingLevel.cpp">
      <Filter>Level</Filter>
    </ClCompile>
    <ClCompile Include="TitleLogo.cpp">
      <Filter>Title</Filter>
    </ClCompile>
    <ClCompile Include="TitleBackGround.cpp">
      <Filter>Title</Filter>
    </ClCompile>
    <ClCompile Include="Baba_Text.cpp">
      <Filter>Object%28Game%29\Text\Object%28Unit_Text%29</Filter>
    </ClCompile>
    <ClCompile Include="Baba_Unit.cpp">
      <Filter>Object%28Game%29\Unit</Filter>
    </ClCompile>
    <ClCompile Include="Lava_Unit.cpp">
      <Filter>Object%28Game%29\Unit</Filter>
    </ClCompile>
    <ClCompile Include="Water_Unit.cpp">
      <Filter>Object%28Game%29\Unit</Filter>
    </ClCompile>
    <ClCompile Include="Flag_Unit.cpp">
      <Filter>Object%28Game%29\Unit</Filter>
    </ClCompile>
    <ClCompile Include="Glass_Unit.cpp">
      <Filter>Object%28Game%29\Unit</Filter>
    </ClCompile>
    <ClCompile Include="Rock_Unit.cpp">
      <Filter>Object%28Game%29\Unit</Filter>
    </ClCompile>
    <ClCompile Include="Wall_Unit.cpp">
      <Filter>Object%28Game%29\Unit</Filter>
    </ClCompile>
    <ClCompile Include="Skull_Unit.cpp">
      <Filter>Object%28Game%29\Unit</Filter>
    </ClCompile>
    <ClCompile Include="Flag_Text.cpp">
      <Filter>Object%28Game%29\Text\Object%28Unit_Text%29</Filter>
    </ClCompile>
    <ClCompile Include="Lava_Text.cpp">
      <Filter>Object%28Game%29\Text\Object%28Unit_Text%29</Filter>
    </ClCompile>
    <ClCompile Include="Skull_Text.cpp">
      <Filter>Object%28Game%29\Text\Object%28Unit_Text%29</Filter>
    </ClCompile>
    <ClCompile Include="Water_Text.cpp">
      <Filter>Object%28Game%29\Text\Object%28Unit_Text%29</Filter>
    </ClCompile>
    <ClCompile Include="Rock_Text.cpp">
      <Filter>Object%28Game%29\Text\Object%28Unit_Text%29</Filter>
    </ClCompile>
    <ClCompile Include="Glass_Text.cpp">
      <Filter>Object%28Game%29\Text\Object%28Unit_Text%29</Filter>
    </ClCompile>
    <ClCompile Include="Wall_Text.cpp">
      <Filter>Object%28Game%29\Text\Object%28Unit_Text%29</Filter>
    </ClCompile>
    <ClCompile Include="Is_Text.cpp">
      <Filter>Object%28Game%29\Text\Verb</Filter>
    </ClCompile>
    <ClCompile Include="Hot_Text.cpp">
      <Filter>Object%28Game%29\Text\State</Filter>
    </ClCompile>
    <ClCompile Include="Push_Text.cpp">
      <Filter>Object%28Game%29\Text\State</Filter>
    </ClCompile>
    <ClCompile Include="Melt_Text.cpp">
      <Filter>Object%28Game%29\Text\State</Filter>
    </ClCompile>
    <ClCompile Include="You_Text.cpp">
      <Filter>Object%28Game%29\Text\State</Filter>
    </ClCompile>
    <ClCompile Include="Sink_Text.cpp">
      <Filter>Object%28Game%29\Text\State</Filter>
    </ClCompile>
  </ItemGroup>
  <ItemGroup>
    <ClInclude Include="BabaIsYou.h" />
    <ClInclude Include="TitleLevel.h">
      <Filter>Level</Filter>
    </ClInclude>
    <ClInclude Include="PlayLevel.h">
      <Filter>Level</Filter>
    </ClInclude>
    <ClInclude Include="EndingLevel.h">
      <Filter>Level</Filter>
    </ClInclude>
    <ClInclude Include="TitleLogo.h">
      <Filter>Title</Filter>
    </ClInclude>
    <ClInclude Include="TitleBackGround.h">
      <Filter>Title</Filter>
    </ClInclude>
    <ClInclude Include="Baba_Text.h">
      <Filter>Object%28Game%29\Text\Object%28Unit_Text%29</Filter>
    </ClInclude>
    <ClInclude Include="Baba_Unit.h">
      <Filter>Object%28Game%29\Unit</Filter>
    </ClInclude>
    <ClInclude Include="Lava_Unit.h">
      <Filter>Object%28Game%29\Unit</Filter>
    </ClInclude>
    <ClInclude Include="Water_Unit.h">
      <Filter>Object%28Game%29\Unit</Filter>
    </ClInclude>
    <ClInclude Include="Flag_Unit.h">
      <Filter>Object%28Game%29\Unit</Filter>
    </ClInclude>
    <ClInclude Include="Glass_Unit.h">
      <Filter>Object%28Game%29\Unit</Filter>
    </ClInclude>
    <ClInclude Include="Rock_Unit.h">
      <Filter>Object%28Game%29\Unit</Filter>
    </ClInclude>
    <ClInclude Include="Wall_Unit.h">
      <Filter>Object%28Game%29\Unit</Filter>
    </ClInclude>
    <ClInclude Include="Skull_Unit.h">
      <Filter>Object%28Game%29\Unit</Filter>
    </ClInclude>
    <ClInclude Include="Flag_Text.h">
      <Filter>Object%28Game%29\Text\Object%28Unit_Text%29</Filter>
    </ClInclude>
    <ClInclude Include="Lava_Text.h">
      <Filter>Object%28Game%29\Text\Object%28Unit_Text%29</Filter>
    </ClInclude>
    <ClInclude Include="Water_Text.h">
      <Filter>Object%28Game%29\Text\Object%28Unit_Text%29</Filter>
    </ClInclude>
    <ClInclude Include="Skull_Text.h">
      <Filter>Object%28Game%29\Text\Object%28Unit_Text%29</Filter>
    </ClInclude>
    <ClInclude Include="Rock_Text.h">
      <Filter>Object%28Game%29\Text\Object%28Unit_Text%29</Filter>
    </ClInclude>
    <ClInclude Include="Glass_Text.h">
      <Filter>Object%28Game%29\Text\Object%28Unit_Text%29</Filter>
    </ClInclude>
    <ClInclude Include="Wall_Text.h">
      <Filter>Object%28Game%29\Text\Object%28Unit_Text%29</Filter>
    </ClInclude>
    <ClInclude Include="Is_Text.h">
      <Filter>Object%28Game%29\Text\Verb</Filter>
    </ClInclude>
    <ClInclude Include="Hot_Text.h">
      <Filter>Object%28Game%29\Text\State</Filter>
    </ClInclude>
    <ClInclude Include="Push_Text.h">
      <Filter>Object%28Game%29\Text\State</Filter>
    </ClInclude>
    <ClInclude Include="Melt_Text.h">
      <Filter>Object%28Game%29\Text\State</Filter>
    </ClInclude>
    <ClInclude Include="You_Text.h">
      <Filter>Object%28Game%29\Text\State</Filter>
    </ClInclude>
    <ClInclude Include="Sink_Text.h">
      <Filter>Object%28Game%29\Text\State</Filter>
    </ClInclude>
  </ItemGroup>
  <ItemGroup>
    <Filter Include="Level">
      <UniqueIdentifier>{d1f818af-67fb-44eb-964d-dd05d92df1f7}</UniqueIdentifier>
    </Filter>
    <Filter Include="Title">
      <UniqueIdentifier>{5dc912b5-29f8-4a4b-89ad-070ad17b9422}</UniqueIdentifier>
    </Filter>
    <Filter Include="Object%28Game%29">
      <UniqueIdentifier>{2e263f15-58da-4cf5-825e-879407c43e2b}</UniqueIdentifier>
    </Filter>
    <Filter Include="Object%28Game%29\Unit">
      <UniqueIdentifier>{6fdd0055-8e58-4596-bc7f-7c97d4b46282}</UniqueIdentifier>
    </Filter>
    <Filter Include="Object%28Game%29\Text">
      <UniqueIdentifier>{cd7b1a96-7e2a-473e-bfdc-dc2bc28d5333}</UniqueIdentifier>
    </Filter>
    <Filter Include="Object%28Game%29\Text\Object%28Unit_Text%29">
      <UniqueIdentifier>{2636831c-b997-4640-b714-9a95a2992e07}</UniqueIdentifier>
    </Filter>
    <Filter Include="Object%28Game%29\Text\State">
      <UniqueIdentifier>{36a345e7-57fc-4297-b741-2a94b7bcd9c5}</UniqueIdentifier>
    </Filter>
    <Filter Include="Object%28Game%29\Text\Verb">
      <UniqueIdentifier>{e6629c85-5b6f-48e7-8e39-e9c393342882}</UniqueIdentifier>
    </Filter>
    <Filter Include="Act">
      <UniqueIdentifier>{c2418dfd-d2b0-4170-95c2-57b87864c3c9}</UniqueIdentifier>
    </Filter>
  </ItemGroup>
</Project>