<?xml version="1.0" encoding="utf-8"?>
<Project ToolsVersion="4.0" xmlns="http://schemas.microsoft.com/developer/msbuild/2003">
  <ItemGroup>
    <ClCompile Include="BabaIsYou.cpp" />
    <ClCompile Include="TitleLevel.cpp">
      <Filter>Level</Filter>
    </ClCompile>
    <ClCompile Include="PlayLevel.cpp">
      <Filter>Level</Filter>
    </ClCompile>
    <ClCompile Include="TitleLogo.cpp">
      <Filter>Title</Filter>
    </ClCompile>
    <ClCompile Include="TitleBackGround.cpp">
      <Filter>Title</Filter>
    </ClCompile>
    <ClCompile Include="Is_Text.cpp">
      <Filter>Object%28Game%29\Text\Verb</Filter>
    </ClCompile>
    <ClCompile Include="Hot_Text.cpp">
      <Filter>Object%28Game%29\Text\Stat</Filter>
    </ClCompile>
    <ClCompile Include="Push_Text.cpp">
      <Filter>Object%28Game%29\Text\Stat</Filter>
    </ClCompile>
    <ClCompile Include="Melt_Text.cpp">
      <Filter>Object%28Game%29\Text\Stat</Filter>
    </ClCompile>
    <ClCompile Include="You_Text.cpp">
      <Filter>Object%28Game%29\Text\Stat</Filter>
    </ClCompile>
    <ClCompile Include="Sink_Text.cpp">
      <Filter>Object%28Game%29\Text\Stat</Filter>
    </ClCompile>
    <ClCompile Include="Defeat_Text.cpp">
      <Filter>Object%28Game%29\Text\Stat</Filter>
    </ClCompile>
    <ClCompile Include="Baba.cpp">
      <Filter>Object%28Game%29\Unit\Object</Filter>
    </ClCompile>
    <ClCompile Include="Flag.cpp">
      <Filter>Object%28Game%29\Unit\Object</Filter>
    </ClCompile>
    <ClCompile Include="Glass.cpp">
      <Filter>Object%28Game%29\Unit\Object</Filter>
    </ClCompile>
    <ClCompile Include="Lava.cpp">
      <Filter>Object%28Game%29\Unit\Object</Filter>
    </ClCompile>
    <ClCompile Include="Rock.cpp">
      <Filter>Object%28Game%29\Unit\Object</Filter>
    </ClCompile>
    <ClCompile Include="Skull.cpp">
      <Filter>Object%28Game%29\Unit\Object</Filter>
    </ClCompile>
    <ClCompile Include="Wall.cpp">
      <Filter>Object%28Game%29\Unit\Object</Filter>
    </ClCompile>
    <ClCompile Include="Water.cpp">
      <Filter>Object%28Game%29\Unit\Object</Filter>
    </ClCompile>
    <ClCompile Include="GamePlayUnitObject.cpp">
      <Filter>Object%28Game%29\Unit</Filter>
    </ClCompile>
    <ClCompile Include="GamePlayTextStat.cpp">
      <Filter>Object%28Game%29\Text\Stat</Filter>
    </ClCompile>
    <ClCompile Include="Empty.cpp">
      <Filter>Object%28Game%29\Unit\Object</Filter>
    </ClCompile>
    <ClCompile Include="GamePlayObject.cpp" />
    <ClCompile Include="StageData.cpp">
      <Filter>Stage</Filter>
    </ClCompile>
    <ClCompile Include="GamePlayTextObject.cpp">
      <Filter>Object%28Game%29\Text</Filter>
    </ClCompile>
    <ClCompile Include="Stage2.cpp">
      <Filter>Stage</Filter>
    </ClCompile>
    <ClCompile Include="Stage1.cpp">
      <Filter>Stage</Filter>
    </ClCompile>
    <ClCompile Include="Stage0.cpp">
      <Filter>Stage</Filter>
    </ClCompile>
    <ClCompile Include="Win_Text.cpp">
      <Filter>Object%28Game%29\Text\Stat</Filter>
    </ClCompile>
    <ClCompile Include="Stop_Text.cpp">
      <Filter>Object%28Game%29\Text\Stat</Filter>
    </ClCompile>
  </ItemGroup>
  <ItemGroup>
    <ClInclude Include="BabaIsYou.h" />
    <ClInclude Include="TitleLevel.h">
      <Filter>Level</Filter>
    </ClInclude>
    <ClInclude Include="PlayLevel.h">
      <Filter>Level</Filter>
    </ClInclude>
    <ClInclude Include="TitleLogo.h">
      <Filter>Title</Filter>
    </ClInclude>
    <ClInclude Include="TitleBackGround.h">
      <Filter>Title</Filter>
    </ClInclude>
    <ClInclude Include="Is_Text.h">
      <Filter>Object%28Game%29\Text\Verb</Filter>
    </ClInclude>
    <ClInclude Include="Hot_Text.h">
      <Filter>Object%28Game%29\Text\Stat</Filter>
    </ClInclude>
    <ClInclude Include="Push_Text.h">
      <Filter>Object%28Game%29\Text\Stat</Filter>
    </ClInclude>
    <ClInclude Include="Melt_Text.h">
      <Filter>Object%28Game%29\Text\Stat</Filter>
    </ClInclude>
    <ClInclude Include="You_Text.h">
      <Filter>Object%28Game%29\Text\Stat</Filter>
    </ClInclude>
    <ClInclude Include="Sink_Text.h">
      <Filter>Object%28Game%29\Text\Stat</Filter>
    </ClInclude>
    <ClInclude Include="Defeat_Text.h">
      <Filter>Object%28Game%29\Text\Stat</Filter>
    </ClInclude>
    <ClInclude Include="Baba.h">
      <Filter>Object%28Game%29\Unit\Object</Filter>
    </ClInclude>
    <ClInclude Include="Flag.h">
      <Filter>Object%28Game%29\Unit\Object</Filter>
    </ClInclude>
    <ClInclude Include="Glass.h">
      <Filter>Object%28Game%29\Unit\Object</Filter>
    </ClInclude>
    <ClInclude Include="Lava.h">
      <Filter>Object%28Game%29\Unit\Object</Filter>
    </ClInclude>
    <ClInclude Include="Rock.h">
      <Filter>Object%28Game%29\Unit\Object</Filter>
    </ClInclude>
    <ClInclude Include="Skull.h">
      <Filter>Object%28Game%29\Unit\Object</Filter>
    </ClInclude>
    <ClInclude Include="Wall.h">
      <Filter>Object%28Game%29\Unit\Object</Filter>
    </ClInclude>
    <ClInclude Include="Water.h">
      <Filter>Object%28Game%29\Unit\Object</Filter>
    </ClInclude>
    <ClInclude Include="GamePlayUnitObject.h">
      <Filter>Object%28Game%29\Unit</Filter>
    </ClInclude>
    <ClInclude Include="GamePlayTextStat.h">
      <Filter>Object%28Game%29\Text\Stat</Filter>
    </ClInclude>
    <ClInclude Include="Empty.h">
      <Filter>Object%28Game%29\Unit\Object</Filter>
    </ClInclude>
    <ClInclude Include="GamePlayObject.h" />
    <ClInclude Include="StageData.h">
      <Filter>Stage</Filter>
    </ClInclude>
    <ClInclude Include="GamePlayTextObject.h">
      <Filter>Object%28Game%29\Text</Filter>
    </ClInclude>
    <ClInclude Include="GamePlayObjectNameEnum.h">
      <Filter>Object%28Game%29</Filter>
    </ClInclude>
    <ClInclude Include="Stage2.h">
      <Filter>Stage</Filter>
    </ClInclude>
    <ClInclude Include="Stage1.h">
      <Filter>Stage</Filter>
    </ClInclude>
    <ClInclude Include="Stage0.h">
      <Filter>Stage</Filter>
    </ClInclude>
    <ClInclude Include="Win_Text.h">
      <Filter>Object%28Game%29\Text\Stat</Filter>
    </ClInclude>
    <ClInclude Include="Stop_Text.h">
      <Filter>Object%28Game%29\Text\Stat</Filter>
    </ClInclude>
  </ItemGroup>
  <ItemGroup>
    <Filter Include="Level">
      <UniqueIdentifier>{d1f818af-67fb-44eb-964d-dd05d92df1f7}</UniqueIdentifier>
    </Filter>
    <Filter Include="Title">
      <UniqueIdentifier>{5dc912b5-29f8-4a4b-89ad-070ad17b9422}</UniqueIdentifier>
    </Filter>
    <Filter Include="Object%28Game%29">
      <UniqueIdentifier>{2e263f15-58da-4cf5-825e-879407c43e2b}</UniqueIdentifier>
    </Filter>
    <Filter Include="Object%28Game%29\Unit">
      <UniqueIdentifier>{6fdd0055-8e58-4596-bc7f-7c97d4b46282}</UniqueIdentifier>
    </Filter>
    <Filter Include="Object%28Game%29\Text">
      <UniqueIdentifier>{cd7b1a96-7e2a-473e-bfdc-dc2bc28d5333}</UniqueIdentifier>
    </Filter>
    <Filter Include="Object%28Game%29\Text\Verb">
      <UniqueIdentifier>{e6629c85-5b6f-48e7-8e39-e9c393342882}</UniqueIdentifier>
    </Filter>
    <Filter Include="Act">
      <UniqueIdentifier>{c2418dfd-d2b0-4170-95c2-57b87864c3c9}</UniqueIdentifier>
    </Filter>
    <Filter Include="Object%28Game%29\Unit\Object">
      <UniqueIdentifier>{29c0de7d-d5a3-4bde-aecd-2bf15bde73aa}</UniqueIdentifier>
    </Filter>
    <Filter Include="Object%28Game%29\Text\Stat">
      <UniqueIdentifier>{36a345e7-57fc-4297-b741-2a94b7bcd9c5}</UniqueIdentifier>
    </Filter>
    <Filter Include="Stage">
      <UniqueIdentifier>{780305e2-33e6-4f4b-81c3-333ee6bb5b83}</UniqueIdentifier>
    </Filter>
  </ItemGroup>
</Project>