<?xml version="1.0" encoding="utf-8"?>
<Project ToolsVersion="4.0" xmlns="http://schemas.microsoft.com/developer/msbuild/2003">
  <ItemGroup>
    <ClCompile Include="BabaIsYou.cpp" />
    <ClCompile Include="TitleLevel.cpp">
      <Filter>Level</Filter>
    </ClCompile>
    <ClCompile Include="PlayLevel.cpp">
      <Filter>Level</Filter>
    </ClCompile>
    <ClCompile Include="TitleLogo.cpp">
      <Filter>Title</Filter>
    </ClCompile>
    <ClCompile Include="TitleBackGround.cpp">
      <Filter>Title</Filter>
    </ClCompile>
    <ClCompile Include="Is_Text.cpp">
      <Filter>Object%28Game%29\Text\Verb</Filter>
    </ClCompile>
    <ClCompile Include="Hot_Text.cpp">
      <Filter>Object%28Game%29\Text\Stat</Filter>
    </ClCompile>
    <ClCompile Include="Push_Text.cpp">
      <Filter>Object%28Game%29\Text\Stat</Filter>
    </ClCompile>
    <ClCompile Include="Melt_Text.cpp">
      <Filter>Object%28Game%29\Text\Stat</Filter>
    </ClCompile>
    <ClCompile Include="You_Text.cpp">
      <Filter>Object%28Game%29\Text\Stat</Filter>
    </ClCompile>
    <ClCompile Include="Sink_Text.cpp">
      <Filter>Object%28Game%29\Text\Stat</Filter>
    </ClCompile>
    <ClCompile Include="Defeat_Text.cpp">
      <Filter>Object%28Game%29\Text\Stat</Filter>
    </ClCompile>
    <ClCompile Include="Baba.cpp">
      <Filter>Object%28Game%29\Unit\Object</Filter>
    </ClCompile>
    <ClCompile Include="Flag.cpp">
      <Filter>Object%28Game%29\Unit\Object</Filter>
    </ClCompile>
    <ClCompile Include="Glass.cpp">
      <Filter>Object%28Game%29\Unit\Object</Filter>
    </ClCompile>
    <ClCompile Include="Lava.cpp">
      <Filter>Object%28Game%29\Unit\Object</Filter>
    </ClCompile>
    <ClCompile Include="Rock.cpp">
      <Filter>Object%28Game%29\Unit\Object</Filter>
    </ClCompile>
    <ClCompile Include="Skull.cpp">
      <Filter>Object%28Game%29\Unit\Object</Filter>
    </ClCompile>
    <ClCompile Include="Wall.cpp">
      <Filter>Object%28Game%29\Unit\Object</Filter>
    </ClCompile>
    <ClCompile Include="Water.cpp">
      <Filter>Object%28Game%29\Unit\Object</Filter>
    </ClCompile>
    <ClCompile Include="GamePlayUnitObject.cpp">
      <Filter>Object%28Game%29\Unit</Filter>
    </ClCompile>
    <ClCompile Include="GamePlayTextObject.cpp">
      <Filter>Object%28Game%29\Text</Filter>
    </ClCompile>
    <ClCompile Include="Win_Text.cpp">
      <Filter>Object%28Game%29\Text\Stat</Filter>
    </ClCompile>
    <ClCompile Include="Stop_Text.cpp">
      <Filter>Object%28Game%29\Text\Stat</Filter>
    </ClCompile>
    <ClCompile Include="GamePlayObject.cpp">
      <Filter>Object%28Game%29</Filter>
    </ClCompile>
    <ClCompile Include="TitleMenu.cpp">
      <Filter>Title</Filter>
    </ClCompile>
    <ClCompile Include="MainLevel.cpp">
      <Filter>Level</Filter>
    </ClCompile>
    <ClCompile Include="MainBackGround.cpp">
      <Filter>Main</Filter>
    </ClCompile>
    <ClCompile Include="MainCursor.cpp">
      <Filter>Main</Filter>
    </ClCompile>
    <ClCompile Include="ScreenFade.cpp">
      <Filter>Effect</Filter>
    </ClCompile>
    <ClCompile Include="GamePlayGobal.cpp">
      <Filter>Gobal</Filter>
    </ClCompile>
    <ClCompile Include="Tile.cpp">
      <Filter>Object%28Game%29\Unit\Object</Filter>
    </ClCompile>
    <ClCompile Include="Coordinate.cpp">
      <Filter>Coordinate</Filter>
    </ClCompile>
  </ItemGroup>
  <ItemGroup>
    <ClInclude Include="BabaIsYou.h" />
    <ClInclude Include="TitleLevel.h">
      <Filter>Level</Filter>
    </ClInclude>
    <ClInclude Include="PlayLevel.h">
      <Filter>Level</Filter>
    </ClInclude>
    <ClInclude Include="TitleLogo.h">
      <Filter>Title</Filter>
    </ClInclude>
    <ClInclude Include="TitleBackGround.h">
      <Filter>Title</Filter>
    </ClInclude>
    <ClInclude Include="Is_Text.h">
      <Filter>Object%28Game%29\Text\Verb</Filter>
    </ClInclude>
    <ClInclude Include="Hot_Text.h">
      <Filter>Object%28Game%29\Text\Stat</Filter>
    </ClInclude>
    <ClInclude Include="Push_Text.h">
      <Filter>Object%28Game%29\Text\Stat</Filter>
    </ClInclude>
    <ClInclude Include="Melt_Text.h">
      <Filter>Object%28Game%29\Text\Stat</Filter>
    </ClInclude>
    <ClInclude Include="You_Text.h">
      <Filter>Object%28Game%29\Text\Stat</Filter>
    </ClInclude>
    <ClInclude Include="Sink_Text.h">
      <Filter>Object%28Game%29\Text\Stat</Filter>
    </ClInclude>
    <ClInclude Include="Defeat_Text.h">
      <Filter>Object%28Game%29\Text\Stat</Filter>
    </ClInclude>
    <ClInclude Include="Baba.h">
      <Filter>Object%28Game%29\Unit\Object</Filter>
    </ClInclude>
    <ClInclude Include="Flag.h">
      <Filter>Object%28Game%29\Unit\Object</Filter>
    </ClInclude>
    <ClInclude Include="Glass.h">
      <Filter>Object%28Game%29\Unit\Object</Filter>
    </ClInclude>
    <ClInclude Include="Lava.h">
      <Filter>Object%28Game%29\Unit\Object</Filter>
    </ClInclude>
    <ClInclude Include="Rock.h">
      <Filter>Object%28Game%29\Unit\Object</Filter>
    </ClInclude>
    <ClInclude Include="Skull.h">
      <Filter>Object%28Game%29\Unit\Object</Filter>
    </ClInclude>
    <ClInclude Include="Wall.h">
      <Filter>Object%28Game%29\Unit\Object</Filter>
    </ClInclude>
    <ClInclude Include="Water.h">
      <Filter>Object%28Game%29\Unit\Object</Filter>
    </ClInclude>
    <ClInclude Include="GamePlayUnitObject.h">
      <Filter>Object%28Game%29\Unit</Filter>
    </ClInclude>
    <ClInclude Include="GamePlayTextObject.h">
      <Filter>Object%28Game%29\Text</Filter>
    </ClInclude>
    <ClInclude Include="Win_Text.h">
      <Filter>Object%28Game%29\Text\Stat</Filter>
    </ClInclude>
    <ClInclude Include="Stop_Text.h">
      <Filter>Object%28Game%29\Text\Stat</Filter>
    </ClInclude>
    <ClInclude Include="GamePlayObject.h">
      <Filter>Object%28Game%29</Filter>
    </ClInclude>
    <ClInclude Include="TitleMenu.h">
      <Filter>Title</Filter>
    </ClInclude>
    <ClInclude Include="MainLevel.h">
      <Filter>Level</Filter>
    </ClInclude>
    <ClInclude Include="MainBackGround.h">
      <Filter>Main</Filter>
    </ClInclude>
    <ClInclude Include="MainCursor.h">
      <Filter>Main</Filter>
    </ClInclude>
    <ClInclude Include="ScreenFade.h">
      <Filter>Effect</Filter>
    </ClInclude>
    <ClInclude Include="GamePlayEnum.h">
      <Filter>Gobal</Filter>
    </ClInclude>
    <ClInclude Include="GamePlayGobal.h">
      <Filter>Gobal</Filter>
    </ClInclude>
    <ClInclude Include="Tile.h">
      <Filter>Object%28Game%29\Unit\Object</Filter>
    </ClInclude>
    <ClInclude Include="Coordinate.h">
      <Filter>Coordinate</Filter>
    </ClInclude>
  </ItemGroup>
  <ItemGroup>
    <Filter Include="Level">
      <UniqueIdentifier>{d1f818af-67fb-44eb-964d-dd05d92df1f7}</UniqueIdentifier>
    </Filter>
    <Filter Include="Title">
      <UniqueIdentifier>{5dc912b5-29f8-4a4b-89ad-070ad17b9422}</UniqueIdentifier>
    </Filter>
    <Filter Include="Object%28Game%29">
      <UniqueIdentifier>{2e263f15-58da-4cf5-825e-879407c43e2b}</UniqueIdentifier>
    </Filter>
    <Filter Include="Object%28Game%29\Unit">
      <UniqueIdentifier>{6fdd0055-8e58-4596-bc7f-7c97d4b46282}</UniqueIdentifier>
    </Filter>
    <Filter Include="Object%28Game%29\Text">
      <UniqueIdentifier>{cd7b1a96-7e2a-473e-bfdc-dc2bc28d5333}</UniqueIdentifier>
    </Filter>
    <Filter Include="Object%28Game%29\Text\Verb">
      <UniqueIdentifier>{e6629c85-5b6f-48e7-8e39-e9c393342882}</UniqueIdentifier>
    </Filter>
    <Filter Include="Act">
      <UniqueIdentifier>{c2418dfd-d2b0-4170-95c2-57b87864c3c9}</UniqueIdentifier>
    </Filter>
    <Filter Include="Object%28Game%29\Unit\Object">
      <UniqueIdentifier>{29c0de7d-d5a3-4bde-aecd-2bf15bde73aa}</UniqueIdentifier>
    </Filter>
    <Filter Include="Object%28Game%29\Text\Stat">
      <UniqueIdentifier>{36a345e7-57fc-4297-b741-2a94b7bcd9c5}</UniqueIdentifier>
    </Filter>
    <Filter Include="Stage">
      <UniqueIdentifier>{780305e2-33e6-4f4b-81c3-333ee6bb5b83}</UniqueIdentifier>
    </Filter>
    <Filter Include="Main">
      <UniqueIdentifier>{48d600ad-b9e2-4d59-8d28-fa6996879e31}</UniqueIdentifier>
    </Filter>
    <Filter Include="Effect">
      <UniqueIdentifier>{97c90220-b1fd-4ce7-80fb-49cf61afea05}</UniqueIdentifier>
    </Filter>
    <Filter Include="Gobal">
      <UniqueIdentifier>{6820f25f-c541-4a08-bf4d-1f73e544f9a5}</UniqueIdentifier>
    </Filter>
    <Filter Include="Coordinate">
      <UniqueIdentifier>{bcf33693-ec4e-44fe-a59d-5978e70a9a3b}</UniqueIdentifier>
    </Filter>
    <Filter Include="Coordinate\Management">
      <UniqueIdentifier>{c2d4c392-3e4c-4104-aeea-e81b3b493ef8}</UniqueIdentifier>
    </Filter>
  </ItemGroup>
</Project>