<?xml version="1.0" encoding="utf-8"?>
<Project ToolsVersion="4.0" xmlns="http://schemas.microsoft.com/developer/msbuild/2003">
  <ItemGroup>
    <ClInclude Include="GameEngine.h" />
    <ClInclude Include="GameEngineLevel.h">
      <Filter>Object%28Engine%29</Filter>
    </ClInclude>
    <ClInclude Include="GameEngineActor.h">
      <Filter>Object%28Engine%29\Actor</Filter>
    </ClInclude>
    <ClInclude Include="GameEngineImageManager.h">
      <Filter>Resources\Manager</Filter>
    </ClInclude>
    <ClInclude Include="GameEngineImage.h">
      <Filter>Resources</Filter>
    </ClInclude>
    <ClInclude Include="GameEngineActorSubObject.h">
      <Filter>Object%28Engine%29\Actor\Sub</Filter>
    </ClInclude>
    <ClInclude Include="GameEngineRenderer.h">
      <Filter>Object%28Engine%29\Actor\Sub</Filter>
    </ClInclude>
    <ClInclude Include="GameEngineEnum.h">
      <Filter>Global</Filter>
    </ClInclude>
    <ClInclude Include="GameEngineCollision.h">
      <Filter>Object%28Engine%29\Actor\Sub</Filter>
    </ClInclude>
    <ClInclude Include="GameEngineFolderImage.h">
      <Filter>Global</Filter>
    </ClInclude>
    <ClInclude Include="GameEngineRendererTileMap.h">
      <Filter>Object%28Engine%29\Actor\Sub</Filter>
    </ClInclude>
  </ItemGroup>
  <ItemGroup>
    <ClCompile Include="GameEngine.cpp" />
    <ClCompile Include="GameEngineLevel.cpp">
      <Filter>Object%28Engine%29</Filter>
    </ClCompile>
    <ClCompile Include="GameEngineActor.cpp">
      <Filter>Object%28Engine%29\Actor</Filter>
    </ClCompile>
    <ClCompile Include="GameEngineImageManager.cpp">
      <Filter>Resources\Manager</Filter>
    </ClCompile>
    <ClCompile Include="GameEngineImage.cpp">
      <Filter>Resources</Filter>
    </ClCompile>
    <ClCompile Include="GameEngineActorSubObject.cpp">
      <Filter>Object%28Engine%29\Actor\Sub</Filter>
    </ClCompile>
    <ClCompile Include="GameEngineRenderer.cpp">
      <Filter>Object%28Engine%29\Actor\Sub</Filter>
    </ClCompile>
    <ClCompile Include="GameEngineCollision.cpp">
      <Filter>Object%28Engine%29\Actor\Sub</Filter>
    </ClCompile>
    <ClCompile Include="GameEngineFolderImage.cpp">
      <Filter>Global</Filter>
    </ClCompile>
    <ClCompile Include="GameEngineRendererTileMap.cpp">
      <Filter>Object%28Engine%29\Actor\Sub</Filter>
    </ClCompile>
  </ItemGroup>
  <ItemGroup>
    <Filter Include="Object%28Engine%29">
      <UniqueIdentifier>{2a1be2b3-b93b-481c-af17-717cc28d7e38}</UniqueIdentifier>
    </Filter>
    <Filter Include="Object%28Engine%29\Actor">
      <UniqueIdentifier>{5501cffc-3f60-48cf-9a32-e1b416b0da20}</UniqueIdentifier>
    </Filter>
    <Filter Include="Resources">
      <UniqueIdentifier>{5e6b706a-1f39-4a77-b209-bf5d84a46d7b}</UniqueIdentifier>
    </Filter>
    <Filter Include="Resources\Manager">
      <UniqueIdentifier>{c7b35322-8587-4330-92d8-61f1c26d43f3}</UniqueIdentifier>
    </Filter>
    <Filter Include="Object%28Engine%29\Actor\Sub">
      <UniqueIdentifier>{92768304-faa1-45f5-80ae-88f6e7d69a0f}</UniqueIdentifier>
    </Filter>
    <Filter Include="Global">
      <UniqueIdentifier>{1af3cb3b-f38d-41e5-a934-6be2f83ed269}</UniqueIdentifier>
    </Filter>
  </ItemGroup>
</Project>